
Microsoft Visual Studio Solution File, Format Version 12.00
# Visual Studio 15
Project("{FAE04EC0-301F-11D3-BF4B-00C04F79EFBC}") = "AParse", "AParse\AParse.csproj", "{B5C27197-7C3C-4836-B215-3E37C4BF6B23}"
EndProject
Project("{FAE04EC0-301F-11D3-BF4B-00C04F79EFBC}") = "TestConsole", "TestConsole\TestConsole.csproj", "{9AFF2A25-8024-4A1E-BB2A-5393C3E2B53B}"
EndProject
Global
	GlobalSection(SolutionConfigurationPlatforms) = preSolution
		Debug|Any CPU = Debug|Any CPU
		Release|Any CPU = Release|Any CPU
	EndGlobalSection
	GlobalSection(ProjectConfigurationPlatforms) = postSolution
		{B5C27197-7C3C-4836-B215-3E37C4BF6B23}.Debug|Any CPU.ActiveCfg = Debug|Any CPU
		{B5C27197-7C3C-4836-B215-3E37C4BF6B23}.Debug|Any CPU.Build.0 = Debug|Any CPU
		{B5C27197-7C3C-4836-B215-3E37C4BF6B23}.Release|Any CPU.ActiveCfg = Release|Any CPU
		{B5C27197-7C3C-4836-B215-3E37C4BF6B23}.Release|Any CPU.Build.0 = Release|Any CPU
		{9AFF2A25-8024-4A1E-BB2A-5393C3E2B53B}.Debug|Any CPU.ActiveCfg = Debug|Any CPU
		{9AFF2A25-8024-4A1E-BB2A-5393C3E2B53B}.Debug|Any CPU.Build.0 = Debug|Any CPU
		{9AFF2A25-8024-4A1E-BB2A-5393C3E2B53B}.Release|Any CPU.ActiveCfg = Release|Any CPU
		{9AFF2A25-8024-4A1E-BB2A-5393C3E2B53B}.Release|Any CPU.Build.0 = Release|Any CPU
	EndGlobalSection
EndGlobal
